
Microsoft Visual Studio Solution File, Format Version 12.00
# Visual Studio Version 17
VisualStudioVersion = 17.5.33516.290
MinimumVisualStudioVersion = 10.0.40219.1
Project("{FAE04EC0-301F-11D3-BF4B-00C04F79EFBC}") = "Dictionary", "Dictionary.csproj", "{5A5B7A29-5479-4CF6-B28F-22C761E73A25}"
EndProject
Global
	GlobalSection(SolutionConfigurationPlatforms) = preSolution
		Debug|Any CPU = Debug|Any CPU
		Release|Any CPU = Release|Any CPU
	EndGlobalSection
	GlobalSection(ProjectConfigurationPlatforms) = postSolution
		{5A5B7A29-5479-4CF6-B28F-22C761E73A25}.Debug|Any CPU.ActiveCfg = Debug|Any CPU
		{5A5B7A29-5479-4CF6-B28F-22C761E73A25}.Debug|Any CPU.Build.0 = Debug|Any CPU
		{5A5B7A29-5479-4CF6-B28F-22C761E73A25}.Release|Any CPU.ActiveCfg = Release|Any CPU
		{5A5B7A29-5479-4CF6-B28F-22C761E73A25}.Release|Any CPU.Build.0 = Release|Any CPU
	EndGlobalSection
	GlobalSection(SolutionProperties) = preSolution
		HideSolutionNode = FALSE
	EndGlobalSection
	GlobalSection(ExtensibilityGlobals) = postSolution
		SolutionGuid = {C01AA265-8A7C-41CA-9921-21FCE94CAA72}
	EndGlobalSection
EndGlobal
